
Microsoft Visual Studio Solution File, Format Version 12.00
# Visual Studio Version 16
VisualStudioVersion = 16.0.31129.286
MinimumVisualStudioVersion = 10.0.40219.1
Project("{9A19103F-16F7-4668-BE54-9A1E7A4F7556}") = "GeoFinder", "GeoFinder\GeoFinder.csproj", "{9F687FE9-E579-407A-B54D-AFE4BE7A5F56}"
EndProject
Project("{9A19103F-16F7-4668-BE54-9A1E7A4F7556}") = "GeoFinder.Benchmarks", "GeoFinder.Benchmarks\GeoFinder.Benchmarks.csproj", "{EC7183FF-9358-4EAF-B0A7-DB63989F45D2}"
EndProject
Project("{FAE04EC0-301F-11D3-BF4B-00C04F79EFBC}") = "GeoFinder.Tests", "GeoFinder.Tests\GeoFinder.Tests.csproj", "{27F040E1-F753-43C5-851F-D4FBDF2C8A9B}"
EndProject
Global
	GlobalSection(SolutionConfigurationPlatforms) = preSolution
		Debug|Any CPU = Debug|Any CPU
		Release|Any CPU = Release|Any CPU
	EndGlobalSection
	GlobalSection(ProjectConfigurationPlatforms) = postSolution
		{9F687FE9-E579-407A-B54D-AFE4BE7A5F56}.Debug|Any CPU.ActiveCfg = Debug|Any CPU
		{9F687FE9-E579-407A-B54D-AFE4BE7A5F56}.Debug|Any CPU.Build.0 = Debug|Any CPU
		{9F687FE9-E579-407A-B54D-AFE4BE7A5F56}.Release|Any CPU.ActiveCfg = Release|Any CPU
		{9F687FE9-E579-407A-B54D-AFE4BE7A5F56}.Release|Any CPU.Build.0 = Release|Any CPU
		{EC7183FF-9358-4EAF-B0A7-DB63989F45D2}.Debug|Any CPU.ActiveCfg = Debug|Any CPU
		{EC7183FF-9358-4EAF-B0A7-DB63989F45D2}.Debug|Any CPU.Build.0 = Debug|Any CPU
		{EC7183FF-9358-4EAF-B0A7-DB63989F45D2}.Release|Any CPU.ActiveCfg = Release|Any CPU
		{EC7183FF-9358-4EAF-B0A7-DB63989F45D2}.Release|Any CPU.Build.0 = Release|Any CPU
		{27F040E1-F753-43C5-851F-D4FBDF2C8A9B}.Debug|Any CPU.ActiveCfg = Debug|Any CPU
		{27F040E1-F753-43C5-851F-D4FBDF2C8A9B}.Debug|Any CPU.Build.0 = Debug|Any CPU
		{27F040E1-F753-43C5-851F-D4FBDF2C8A9B}.Release|Any CPU.ActiveCfg = Release|Any CPU
		{27F040E1-F753-43C5-851F-D4FBDF2C8A9B}.Release|Any CPU.Build.0 = Release|Any CPU
	EndGlobalSection
	GlobalSection(SolutionProperties) = preSolution
		HideSolutionNode = FALSE
	EndGlobalSection
	GlobalSection(ExtensibilityGlobals) = postSolution
		SolutionGuid = {F44FCC40-E5DD-4FAA-BC6E-5C0540D86443}
	EndGlobalSection
EndGlobal
